
Microsoft Visual Studio Solution File, Format Version 12.00
# Visual Studio 15
VisualStudioVersion = 15.0.28307.902
MinimumVisualStudioVersion = 10.0.40219.1
Project("{FAE04EC0-301F-11D3-BF4B-00C04F79EFBC}") = "ConsoleUI", "ConsoleUI\ConsoleUI.csproj", "{F1379DF5-5195-44A1-BA81-FE4B9BC2B255}"
EndProject
Project("{FAE04EC0-301F-11D3-BF4B-00C04F79EFBC}") = "ExceptionsLibrary", "ExceptionsLibrary\ExceptionsLibrary.csproj", "{542B67D7-0AE9-40F6-A65C-343785ED9CF0}"
EndProject
Global
	GlobalSection(SolutionConfigurationPlatforms) = preSolution
		Debug|Any CPU = Debug|Any CPU
		Release|Any CPU = Release|Any CPU
	EndGlobalSection
	GlobalSection(ProjectConfigurationPlatforms) = postSolution
		{F1379DF5-5195-44A1-BA81-FE4B9BC2B255}.Debug|Any CPU.ActiveCfg = Debug|Any CPU
		{F1379DF5-5195-44A1-BA81-FE4B9BC2B255}.Debug|Any CPU.Build.0 = Debug|Any CPU
		{F1379DF5-5195-44A1-BA81-FE4B9BC2B255}.Release|Any CPU.ActiveCfg = Release|Any CPU
		{F1379DF5-5195-44A1-BA81-FE4B9BC2B255}.Release|Any CPU.Build.0 = Release|Any CPU
		{542B67D7-0AE9-40F6-A65C-343785ED9CF0}.Debug|Any CPU.ActiveCfg = Debug|Any CPU
		{542B67D7-0AE9-40F6-A65C-343785ED9CF0}.Debug|Any CPU.Build.0 = Debug|Any CPU
		{542B67D7-0AE9-40F6-A65C-343785ED9CF0}.Release|Any CPU.ActiveCfg = Release|Any CPU
		{542B67D7-0AE9-40F6-A65C-343785ED9CF0}.Release|Any CPU.Build.0 = Release|Any CPU
	EndGlobalSection
	GlobalSection(SolutionProperties) = preSolution
		HideSolutionNode = FALSE
	EndGlobalSection
	GlobalSection(ExtensibilityGlobals) = postSolution
		SolutionGuid = {3E538D73-6371-4C70-AB22-8C4156364131}
	EndGlobalSection
EndGlobal
